// !$*UTF8*$!
{
	archiveVersion = 1;
	classes = {
	};
	objectVersion = 46;
	objects = {

/* Begin PBXBuildFile section */
		F30ED1A6171F67D3004F9EC5 /* md5.c in Sources */ = {isa = PBXBuildFile; fileRef = F30ED1A5171F67D3004F9EC5 /* md5.c */; };
		F312655D16DDA98B00FEB2DE /* ResponseData.c in Sources */ = {isa = PBXBuildFile; fileRef = F312655C16DDA98B00FEB2DE /* ResponseData.c */; };
		F312659216DE99E700FEB2DE /* StoredValue.c in Sources */ = {isa = PBXBuildFile; fileRef = F312659116DE99E700FEB2DE /* StoredValue.c */; };
		F312659416DE9A0100FEB2DE /* StoredValue.h in Headers */ = {isa = PBXBuildFile; fileRef = F312659316DE9A0100FEB2DE /* StoredValue.h */; };
		F312659616DE9D7F00FEB2DE /* Util.c in Sources */ = {isa = PBXBuildFile; fileRef = F312659516DE9D7F00FEB2DE /* Util.c */; };
		F312659816DE9D8B00FEB2DE /* Util.h in Headers */ = {isa = PBXBuildFile; fileRef = F312659716DE9D8B00FEB2DE /* Util.h */; };
		F31FDE0F1745C22600FD6175 /* udp.c in Sources */ = {isa = PBXBuildFile; fileRef = F31FDE0D1745C22600FD6175 /* udp.c */; };
		F31FDE101745C22600FD6175 /* udp.h in Headers */ = {isa = PBXBuildFile; fileRef = F31FDE0E1745C22600FD6175 /* udp.h */; };
		F33BFE7D16E930FE006B7586 /* Transfer.c in Sources */ = {isa = PBXBuildFile; fileRef = F33BFE7C16E930FE006B7586 /* Transfer.c */; };
		F356004716DC0B6B00030B00 /* TransitApp.c in Sources */ = {isa = PBXBuildFile; fileRef = F356004616DC0B6B00030B00 /* TransitApp.c */; };
		F356004B16DC1C3100030B00 /* Account.c in Sources */ = {isa = PBXBuildFile; fileRef = F356004A16DC1C3100030B00 /* Account.c */; };
		F356004E16DC441600030B00 /* Pass.c in Sources */ = {isa = PBXBuildFile; fileRef = F356004D16DC441600030B00 /* Pass.c */; };
		F3C3A1D816C0D83B0055AA11 /* CloudApp.c in Sources */ = {isa = PBXBuildFile; fileRef = F3C3A1CB16C0D83B0055AA11 /* CloudApp.c */; };
		F3C3A1D916C0D83B0055AA11 /* CloudApp.h in Headers */ = {isa = PBXBuildFile; fileRef = F3C3A1CC16C0D83B0055AA11 /* CloudApp.h */; };
		F3C3A1DA16C0D83B0055AA11 /* CORE2.h in Headers */ = {isa = PBXBuildFile; fileRef = F3C3A1CD16C0D83B0055AA11 /* CORE2.h */; };
		F3C3A1DB16C0D83B0055AA11 /* COREUtils.cpp in Sources */ = {isa = PBXBuildFile; fileRef = F3C3A1CE16C0D83B0055AA11 /* COREUtils.cpp */; };
		F3C3A1DC16C0D83B0055AA11 /* COREUtils.h in Headers */ = {isa = PBXBuildFile; fileRef = F3C3A1CF16C0D83B0055AA11 /* COREUtils.h */; };
		F3C3A1DD16C0D83B0055AA11 /* FeliCa.h in Headers */ = {isa = PBXBuildFile; fileRef = F3C3A1D716C0D83B0055AA11 /* FeliCa.h */; };
		F3C3A1E016C0E1820055AA11 /* structures.h in Headers */ = {isa = PBXBuildFile; fileRef = F3C3A1DF16C0E1820055AA11 /* structures.h */; };
		F3C3A1E316C0E22A0055AA11 /* defines.h in Headers */ = {isa = PBXBuildFile; fileRef = F3C3A1E216C0E22A0055AA11 /* defines.h */; };
		F3E6F09216DEF6B000827639 /* HistoryData.c in Sources */ = {isa = PBXBuildFile; fileRef = F3E6F09116DEF6B000827639 /* HistoryData.c */; };
		F3E6F09516DEF6BB00827639 /* HistoryData.h in Headers */ = {isa = PBXBuildFile; fileRef = F3E6F09416DEF6BB00827639 /* HistoryData.h */; };
/* End PBXBuildFile section */

/* Begin PBXFileReference section */
		F30ED1A5171F67D3004F9EC5 /* md5.c */ = {isa = PBXFileReference; fileEncoding = 4; lastKnownFileType = sourcecode.c.c; path = md5.c; sourceTree = "<group>"; };
		F30ED1A7171F67E5004F9EC5 /* md5.h */ = {isa = PBXFileReference; lastKnownFileType = sourcecode.c.h; path = md5.h; sourceTree = "<group>"; };
		F312655C16DDA98B00FEB2DE /* ResponseData.c */ = {isa = PBXFileReference; fileEncoding = 4; lastKnownFileType = sourcecode.c.c; path = ResponseData.c; sourceTree = "<group>"; };
		F312655F16DDA99600FEB2DE /* ResponseData.h */ = {isa = PBXFileReference; lastKnownFileType = sourcecode.c.h; path = ResponseData.h; sourceTree = "<group>"; };
		F312659116DE99E700FEB2DE /* StoredValue.c */ = {isa = PBXFileReference; fileEncoding = 4; lastKnownFileType = sourcecode.c.c; path = StoredValue.c; sourceTree = "<group>"; };
		F312659316DE9A0100FEB2DE /* StoredValue.h */ = {isa = PBXFileReference; fileEncoding = 4; lastKnownFileType = sourcecode.c.h; path = StoredValue.h; sourceTree = "<group>"; };
		F312659516DE9D7F00FEB2DE /* Util.c */ = {isa = PBXFileReference; fileEncoding = 4; lastKnownFileType = sourcecode.c.c; path = Util.c; sourceTree = "<group>"; };
		F312659716DE9D8B00FEB2DE /* Util.h */ = {isa = PBXFileReference; fileEncoding = 4; lastKnownFileType = sourcecode.c.h; path = Util.h; sourceTree = "<group>"; };
		F31FDE0D1745C22600FD6175 /* udp.c */ = {isa = PBXFileReference; fileEncoding = 4; lastKnownFileType = sourcecode.c.c; path = udp.c; sourceTree = "<group>"; };
		F31FDE0E1745C22600FD6175 /* udp.h */ = {isa = PBXFileReference; fileEncoding = 4; lastKnownFileType = sourcecode.c.h; path = udp.h; sourceTree = "<group>"; };
		F33BFE7C16E930FE006B7586 /* Transfer.c */ = {isa = PBXFileReference; fileEncoding = 4; lastKnownFileType = sourcecode.c.c; path = Transfer.c; sourceTree = "<group>"; };
		F33BFE7F16E93107006B7586 /* Transfer.h */ = {isa = PBXFileReference; lastKnownFileType = sourcecode.c.h; path = Transfer.h; sourceTree = "<group>"; };
		F356004616DC0B6B00030B00 /* TransitApp.c */ = {isa = PBXFileReference; fileEncoding = 4; lastKnownFileType = sourcecode.c.c; name = TransitApp.c; path = CloudApp/TransitApp.c; sourceTree = "<group>"; };
		F356004816DC0B7600030B00 /* TransitApp.h */ = {isa = PBXFileReference; lastKnownFileType = sourcecode.c.h; name = TransitApp.h; path = CloudApp/TransitApp.h; sourceTree = "<group>"; };
		F356004A16DC1C3100030B00 /* Account.c */ = {isa = PBXFileReference; fileEncoding = 4; lastKnownFileType = sourcecode.c.c; path = Account.c; sourceTree = "<group>"; };
		F356004C16DC1C3A00030B00 /* Account.h */ = {isa = PBXFileReference; lastKnownFileType = sourcecode.c.h; path = Account.h; sourceTree = "<group>"; };
		F356004D16DC441600030B00 /* Pass.c */ = {isa = PBXFileReference; fileEncoding = 4; lastKnownFileType = sourcecode.c.c; path = Pass.c; sourceTree = "<group>"; };
		F356004F16DC442700030B00 /* Pass.h */ = {isa = PBXFileReference; lastKnownFileType = sourcecode.c.h; path = Pass.h; sourceTree = "<group>"; };
		F3C3A1C316C0D78C0055AA11 /* libCloudApp.dylib */ = {isa = PBXFileReference; explicitFileType = "compiled.mach-o.dylib"; includeInIndex = 0; path = libCloudApp.dylib; sourceTree = BUILT_PRODUCTS_DIR; };
		F3C3A1CB16C0D83B0055AA11 /* CloudApp.c */ = {isa = PBXFileReference; fileEncoding = 4; lastKnownFileType = sourcecode.c.c; path = CloudApp.c; sourceTree = "<group>"; };
		F3C3A1CC16C0D83B0055AA11 /* CloudApp.h */ = {isa = PBXFileReference; fileEncoding = 4; lastKnownFileType = sourcecode.c.h; path = CloudApp.h; sourceTree = "<group>"; };
		F3C3A1CD16C0D83B0055AA11 /* CORE2.h */ = {isa = PBXFileReference; fileEncoding = 4; lastKnownFileType = sourcecode.c.h; path = CORE2.h; sourceTree = "<group>"; };
		F3C3A1CE16C0D83B0055AA11 /* COREUtils.cpp */ = {isa = PBXFileReference; fileEncoding = 4; lastKnownFileType = sourcecode.cpp.cpp; path = COREUtils.cpp; sourceTree = "<group>"; };
		F3C3A1CF16C0D83B0055AA11 /* COREUtils.h */ = {isa = PBXFileReference; fileEncoding = 4; lastKnownFileType = sourcecode.c.h; path = COREUtils.h; sourceTree = "<group>"; };
		F3C3A1D716C0D83B0055AA11 /* FeliCa.h */ = {isa = PBXFileReference; fileEncoding = 4; lastKnownFileType = sourcecode.c.h; path = FeliCa.h; sourceTree = "<group>"; };
		F3C3A1DF16C0E1820055AA11 /* structures.h */ = {isa = PBXFileReference; fileEncoding = 4; lastKnownFileType = sourcecode.c.h; path = structures.h; sourceTree = "<group>"; };
		F3C3A1E216C0E22A0055AA11 /* defines.h */ = {isa = PBXFileReference; fileEncoding = 4; lastKnownFileType = sourcecode.c.h; path = defines.h; sourceTree = "<group>"; };
		F3E6F09116DEF6B000827639 /* HistoryData.c */ = {isa = PBXFileReference; fileEncoding = 4; lastKnownFileType = sourcecode.c.c; path = HistoryData.c; sourceTree = "<group>"; };
		F3E6F09416DEF6BB00827639 /* HistoryData.h */ = {isa = PBXFileReference; fileEncoding = 4; lastKnownFileType = sourcecode.c.h; path = HistoryData.h; sourceTree = "<group>"; };
/* End PBXFileReference section */

/* Begin PBXFrameworksBuildPhase section */
		F3C3A1C016C0D78C0055AA11 /* Frameworks */ = {
			isa = PBXFrameworksBuildPhase;
			buildActionMask = 2147483647;
			files = (
			);
			runOnlyForDeploymentPostprocessing = 0;
		};
/* End PBXFrameworksBuildPhase section */

/* Begin PBXGroup section */
		F312659016DE99BC00FEB2DE /* Util */ = {
			isa = PBXGroup;
			children = (
				F31FDE0D1745C22600FD6175 /* udp.c */,
				F31FDE0E1745C22600FD6175 /* udp.h */,
				F312659516DE9D7F00FEB2DE /* Util.c */,
				F312659716DE9D8B00FEB2DE /* Util.h */,
				F30ED1A5171F67D3004F9EC5 /* md5.c */,
				F30ED1A7171F67E5004F9EC5 /* md5.h */,
			);
			name = Util;
			sourceTree = "<group>";
		};
		F356004916DC0BDA00030B00 /* TransitApp */ = {
			isa = PBXGroup;
			children = (
				F312659016DE99BC00FEB2DE /* Util */,
				F356004616DC0B6B00030B00 /* TransitApp.c */,
				F356004816DC0B7600030B00 /* TransitApp.h */,
				F3E6F09116DEF6B000827639 /* HistoryData.c */,
				F3E6F09416DEF6BB00827639 /* HistoryData.h */,
				F356004A16DC1C3100030B00 /* Account.c */,
				F356004C16DC1C3A00030B00 /* Account.h */,
				F356004D16DC441600030B00 /* Pass.c */,
				F356004F16DC442700030B00 /* Pass.h */,
				F312655C16DDA98B00FEB2DE /* ResponseData.c */,
				F312655F16DDA99600FEB2DE /* ResponseData.h */,
				F33BFE7C16E930FE006B7586 /* Transfer.c */,
				F33BFE7F16E93107006B7586 /* Transfer.h */,
				F312659116DE99E700FEB2DE /* StoredValue.c */,
				F312659316DE9A0100FEB2DE /* StoredValue.h */,
			);
			name = TransitApp;
			sourceTree = "<group>";
		};
		F3C3A1B816C0D78C0055AA11 = {
			isa = PBXGroup;
			children = (
				F356004916DC0BDA00030B00 /* TransitApp */,
				F3C3A1DE16C0DC520055AA11 /* FareCollection */,
				F3C3A1CA16C0D83B0055AA11 /* CloudApp */,
				F3C3A1C416C0D78C0055AA11 /* Products */,
			);
			sourceTree = "<group>";
		};
		F3C3A1C416C0D78C0055AA11 /* Products */ = {
			isa = PBXGroup;
			children = (
				F3C3A1C316C0D78C0055AA11 /* libCloudApp.dylib */,
			);
			name = Products;
			sourceTree = "<group>";
		};
		F3C3A1CA16C0D83B0055AA11 /* CloudApp */ = {
			isa = PBXGroup;
			children = (
				F3C3A1CB16C0D83B0055AA11 /* CloudApp.c */,
				F3C3A1CC16C0D83B0055AA11 /* CloudApp.h */,
				F3C3A1CD16C0D83B0055AA11 /* CORE2.h */,
				F3C3A1CE16C0D83B0055AA11 /* COREUtils.cpp */,
				F3C3A1CF16C0D83B0055AA11 /* COREUtils.h */,
				F3C3A1D716C0D83B0055AA11 /* FeliCa.h */,
			);
			path = CloudApp;
			sourceTree = "<group>";
		};
		F3C3A1DE16C0DC520055AA11 /* FareCollection */ = {
			isa = PBXGroup;
			children = (
				F3C3A1DF16C0E1820055AA11 /* structures.h */,
				F3C3A1E216C0E22A0055AA11 /* defines.h */,
			);
			name = FareCollection;
			sourceTree = "<group>";
		};
/* End PBXGroup section */

/* Begin PBXHeadersBuildPhase section */
		F3C3A1C116C0D78C0055AA11 /* Headers */ = {
			isa = PBXHeadersBuildPhase;
			buildActionMask = 2147483647;
			files = (
				F3C3A1D916C0D83B0055AA11 /* CloudApp.h in Headers */,
				F3C3A1DA16C0D83B0055AA11 /* CORE2.h in Headers */,
				F3C3A1DC16C0D83B0055AA11 /* COREUtils.h in Headers */,
				F3C3A1DD16C0D83B0055AA11 /* FeliCa.h in Headers */,
				F3C3A1E016C0E1820055AA11 /* structures.h in Headers */,
				F3C3A1E316C0E22A0055AA11 /* defines.h in Headers */,
				F312659416DE9A0100FEB2DE /* StoredValue.h in Headers */,
				F312659816DE9D8B00FEB2DE /* Util.h in Headers */,
				F3E6F09516DEF6BB00827639 /* HistoryData.h in Headers */,
				F31FDE101745C22600FD6175 /* udp.h in Headers */,
			);
			runOnlyForDeploymentPostprocessing = 0;
		};
/* End PBXHeadersBuildPhase section */

/* Begin PBXNativeTarget section */
		F3C3A1C216C0D78C0055AA11 /* Delerrok */ = {
			isa = PBXNativeTarget;
			buildConfigurationList = F3C3A1C716C0D78C0055AA11 /* Build configuration list for PBXNativeTarget "Delerrok" */;
			buildPhases = (
				F3C3A1BF16C0D78C0055AA11 /* Sources */,
				F3C3A1C016C0D78C0055AA11 /* Frameworks */,
				F3C3A1C116C0D78C0055AA11 /* Headers */,
			);
			buildRules = (
			);
			dependencies = (
			);
			name = Delerrok;
			productName = Delerrok;
			productReference = F3C3A1C316C0D78C0055AA11 /* libCloudApp.dylib */;
			productType = "com.apple.product-type.library.dynamic";
		};
/* End PBXNativeTarget section */

/* Begin PBXProject section */
		F3C3A1BA16C0D78C0055AA11 /* Project object */ = {
			isa = PBXProject;
			attributes = {
				LastUpgradeCheck = 0450;
				ORGANIZATIONNAME = "Keita Takamatsu";
			};
			buildConfigurationList = F3C3A1BD16C0D78C0055AA11 /* Build configuration list for PBXProject "Delerrok" */;
			compatibilityVersion = "Xcode 3.2";
			developmentRegion = English;
			hasScannedForEncodings = 0;
			knownRegions = (
				en,
			);
			mainGroup = F3C3A1B816C0D78C0055AA11;
			productRefGroup = F3C3A1C416C0D78C0055AA11 /* Products */;
			projectDirPath = "";
			projectRoot = "";
			targets = (
				F3C3A1C216C0D78C0055AA11 /* Delerrok */,
			);
		};
/* End PBXProject section */

/* Begin PBXSourcesBuildPhase section */
		F3C3A1BF16C0D78C0055AA11 /* Sources */ = {
			isa = PBXSourcesBuildPhase;
			buildActionMask = 2147483647;
			files = (
				F3C3A1D816C0D83B0055AA11 /* CloudApp.c in Sources */,
				F3C3A1DB16C0D83B0055AA11 /* COREUtils.cpp in Sources */,
				F356004716DC0B6B00030B00 /* TransitApp.c in Sources */,
				F356004B16DC1C3100030B00 /* Account.c in Sources */,
				F356004E16DC441600030B00 /* Pass.c in Sources */,
				F312655D16DDA98B00FEB2DE /* ResponseData.c in Sources */,
				F312659216DE99E700FEB2DE /* StoredValue.c in Sources */,
				F312659616DE9D7F00FEB2DE /* Util.c in Sources */,
				F3E6F09216DEF6B000827639 /* HistoryData.c in Sources */,
				F33BFE7D16E930FE006B7586 /* Transfer.c in Sources */,
				F30ED1A6171F67D3004F9EC5 /* md5.c in Sources */,
				F31FDE0F1745C22600FD6175 /* udp.c in Sources */,
			);
			runOnlyForDeploymentPostprocessing = 0;
		};
/* End PBXSourcesBuildPhase section */

/* Begin XCBuildConfiguration section */
		F3C3A1C516C0D78C0055AA11 /* Debug */ = {
			isa = XCBuildConfiguration;
			buildSettings = {
				ALWAYS_SEARCH_USER_PATHS = NO;
				ARCHS = "$(ARCHS_STANDARD_64_BIT)";
				CLANG_CXX_LANGUAGE_STANDARD = "gnu++0x";
				CLANG_CXX_LIBRARY = "libc++";
				CLANG_WARN_EMPTY_BODY = YES;
				CLANG_WARN__DUPLICATE_METHOD_MATCH = YES;
				COPY_PHASE_STRIP = NO;
				GCC_C_LANGUAGE_STANDARD = gnu99;
				GCC_DYNAMIC_NO_PIC = NO;
				GCC_ENABLE_OBJC_EXCEPTIONS = YES;
				GCC_OPTIMIZATION_LEVEL = 0;
				GCC_PREPROCESSOR_DEFINITIONS = (
					"DEBUG=1",
					"$(inherited)",
				);
				GCC_SYMBOLS_PRIVATE_EXTERN = NO;
				GCC_WARN_64_TO_32_BIT_CONVERSION = YES;
				GCC_WARN_ABOUT_RETURN_TYPE = YES;
				GCC_WARN_UNINITIALIZED_AUTOS = YES;
				GCC_WARN_UNUSED_VARIABLE = YES;
				MACOSX_DEPLOYMENT_TARGET = 10.8;
				ONLY_ACTIVE_ARCH = YES;
				SDKROOT = macosx;
			};
			name = Debug;
		};
		F3C3A1C616C0D78C0055AA11 /* Release */ = {
			isa = XCBuildConfiguration;
			buildSettings = {
				ALWAYS_SEARCH_USER_PATHS = NO;
				ARCHS = "$(ARCHS_STANDARD_64_BIT)";
				CLANG_CXX_LANGUAGE_STANDARD = "gnu++0x";
				CLANG_CXX_LIBRARY = "libc++";
				CLANG_WARN_EMPTY_BODY = YES;
				CLANG_WARN__DUPLICATE_METHOD_MATCH = YES;
				COPY_PHASE_STRIP = YES;
				DEBUG_INFORMATION_FORMAT = "dwarf-with-dsym";
				GCC_C_LANGUAGE_STANDARD = gnu99;
				GCC_ENABLE_OBJC_EXCEPTIONS = YES;
				GCC_WARN_64_TO_32_BIT_CONVERSION = YES;
				GCC_WARN_ABOUT_RETURN_TYPE = YES;
				GCC_WARN_UNINITIALIZED_AUTOS = YES;
				GCC_WARN_UNUSED_VARIABLE = YES;
				MACOSX_DEPLOYMENT_TARGET = 10.8;
				SDKROOT = macosx;
			};
			name = Release;
		};
		F3C3A1C816C0D78C0055AA11 /* Debug */ = {
			isa = XCBuildConfiguration;
			buildSettings = {
				EXECUTABLE_PREFIX = lib;
				OTHER_LDFLAGS = (
					"-undefined",
					dynamic_lookup,
				);
				PRODUCT_NAME = CloudApp;
			};
			name = Debug;
		};
		F3C3A1C916C0D78C0055AA11 /* Release */ = {
			isa = XCBuildConfiguration;
			buildSettings = {
				EXECUTABLE_PREFIX = lib;
				OTHER_LDFLAGS = (
					"-undefined",
					dynamic_lookup,
				);
				PRODUCT_NAME = CloudApp;
			};
			name = Release;
		};
/* End XCBuildConfiguration section */

/* Begin XCConfigurationList section */
		F3C3A1BD16C0D78C0055AA11 /* Build configuration list for PBXProject "Delerrok" */ = {
			isa = XCConfigurationList;
			buildConfigurations = (
				F3C3A1C516C0D78C0055AA11 /* Debug */,
				F3C3A1C616C0D78C0055AA11 /* Release */,
			);
			defaultConfigurationIsVisible = 0;
			defaultConfigurationName = Release;
		};
		F3C3A1C716C0D78C0055AA11 /* Build configuration list for PBXNativeTarget "Delerrok" */ = {
			isa = XCConfigurationList;
			buildConfigurations = (
				F3C3A1C816C0D78C0055AA11 /* Debug */,
				F3C3A1C916C0D78C0055AA11 /* Release */,
			);
			defaultConfigurationIsVisible = 0;
			defaultConfigurationName = Release;
		};
/* End XCConfigurationList section */
	};
	rootObject = F3C3A1BA16C0D78C0055AA11 /* Project object */;
}
